// !$*UTF8*$!
{
	archiveVersion = 1;
	classes = {
	};
	objectVersion = 46;
	objects = {

/* Begin PBXBuildFile section */
		CD016F061D3C24CA00CD5C7A /* AppDelegate.swift in Sources */ = {isa = PBXBuildFile; fileRef = CD016F051D3C24CA00CD5C7A /* AppDelegate.swift */; };
		CD016F081D3C24CA00CD5C7A /* TodoListViewController.swift in Sources */ = {isa = PBXBuildFile; fileRef = CD016F071D3C24CA00CD5C7A /* TodoListViewController.swift */; };
		CD016F0B1D3C24CA00CD5C7A /* Main.storyboard in Resources */ = {isa = PBXBuildFile; fileRef = CD016F091D3C24CA00CD5C7A /* Main.storyboard */; };
		CD016F0D1D3C24CA00CD5C7A /* Assets.xcassets in Resources */ = {isa = PBXBuildFile; fileRef = CD016F0C1D3C24CA00CD5C7A /* Assets.xcassets */; };
		CD016F101D3C24CA00CD5C7A /* LaunchScreen.storyboard in Resources */ = {isa = PBXBuildFile; fileRef = CD016F0E1D3C24CA00CD5C7A /* LaunchScreen.storyboard */; };
		CD6706331D3C270900ECBAE8 /* TodoItem.swift in Sources */ = {isa = PBXBuildFile; fileRef = CD6706321D3C270900ECBAE8 /* TodoItem.swift */; };
		CD6706351D3C33F000ECBAE8 /* TodoItemTableViewCell.swift in Sources */ = {isa = PBXBuildFile; fileRef = CD6706341D3C33F000ECBAE8 /* TodoItemTableViewCell.swift */; };
		CDEA82C71D3C735A00E993F3 /* TodoListDataStore.swift in Sources */ = {isa = PBXBuildFile; fileRef = CDEA82C61D3C735A00E993F3 /* TodoListDataStore.swift */; };
		CDF00F201D3C49DD00BDBACE /* AddOrEditTodoItemViewController.swift in Sources */ = {isa = PBXBuildFile; fileRef = CDF00F1F1D3C49DD00BDBACE /* AddOrEditTodoItemViewController.swift */; };
/* End PBXBuildFile section */

/* Begin PBXFileReference section */
		CD016F021D3C24CA00CD5C7A /* Todoist.app */ = {isa = PBXFileReference; explicitFileType = wrapper.application; includeInIndex = 0; path = Todoist.app; sourceTree = BUILT_PRODUCTS_DIR; };
		CD016F051D3C24CA00CD5C7A /* AppDelegate.swift */ = {isa = PBXFileReference; lastKnownFileType = sourcecode.swift; path = AppDelegate.swift; sourceTree = "<group>"; };
		CD016F071D3C24CA00CD5C7A /* TodoListViewController.swift */ = {isa = PBXFileReference; lastKnownFileType = sourcecode.swift; path = TodoListViewController.swift; sourceTree = "<group>"; };
		CD016F0A1D3C24CA00CD5C7A /* Base */ = {isa = PBXFileReference; lastKnownFileType = file.storyboard; name = Base; path = Base.lproj/Main.storyboard; sourceTree = "<group>"; };
		CD016F0C1D3C24CA00CD5C7A /* Assets.xcassets */ = {isa = PBXFileReference; lastKnownFileType = folder.assetcatalog; path = Assets.xcassets; sourceTree = "<group>"; };
		CD016F0F1D3C24CA00CD5C7A /* Base */ = {isa = PBXFileReference; lastKnownFileType = file.storyboard; name = Base; path = Base.lproj/LaunchScreen.storyboard; sourceTree = "<group>"; };
		CD016F111D3C24CA00CD5C7A /* Info.plist */ = {isa = PBXFileReference; lastKnownFileType = text.plist.xml; path = Info.plist; sourceTree = "<group>"; };
		CD6706321D3C270900ECBAE8 /* TodoItem.swift */ = {isa = PBXFileReference; fileEncoding = 4; lastKnownFileType = sourcecode.swift; path = TodoItem.swift; sourceTree = "<group>"; };
		CD6706341D3C33F000ECBAE8 /* TodoItemTableViewCell.swift */ = {isa = PBXFileReference; fileEncoding = 4; lastKnownFileType = sourcecode.swift; path = TodoItemTableViewCell.swift; sourceTree = "<group>"; };
		CDEA82C61D3C735A00E993F3 /* TodoListDataStore.swift */ = {isa = PBXFileReference; fileEncoding = 4; lastKnownFileType = sourcecode.swift; path = TodoListDataStore.swift; sourceTree = "<group>"; };
		CDF00F1F1D3C49DD00BDBACE /* AddOrEditTodoItemViewController.swift */ = {isa = PBXFileReference; fileEncoding = 4; lastKnownFileType = sourcecode.swift; path = AddOrEditTodoItemViewController.swift; sourceTree = "<group>"; };
/* End PBXFileReference section */

/* Begin PBXFrameworksBuildPhase section */
		CD016EFF1D3C24CA00CD5C7A /* Frameworks */ = {
			isa = PBXFrameworksBuildPhase;
			buildActionMask = 2147483647;
			files = (
			);
			runOnlyForDeploymentPostprocessing = 0;
		};
/* End PBXFrameworksBuildPhase section */

/* Begin PBXGroup section */
		CD016EF91D3C24CA00CD5C7A = {
			isa = PBXGroup;
			children = (
				CD016F041D3C24CA00CD5C7A /* Todist */,
				CD016F031D3C24CA00CD5C7A /* Products */,
			);
			sourceTree = "<group>";
		};
		CD016F031D3C24CA00CD5C7A /* Products */ = {
			isa = PBXGroup;
			children = (
				CD016F021D3C24CA00CD5C7A /* Todoist.app */,
			);
			name = Products;
			sourceTree = "<group>";
		};
		CD016F041D3C24CA00CD5C7A /* Todist */ = {
			isa = PBXGroup;
			children = (
				CD6706311D3C26D800ECBAE8 /* entity */,
				CD016F051D3C24CA00CD5C7A /* AppDelegate.swift */,
				CD016F071D3C24CA00CD5C7A /* TodoListViewController.swift */,
				CD016F091D3C24CA00CD5C7A /* Main.storyboard */,
				CD016F0C1D3C24CA00CD5C7A /* Assets.xcassets */,
				CD016F0E1D3C24CA00CD5C7A /* LaunchScreen.storyboard */,
				CD6706341D3C33F000ECBAE8 /* TodoItemTableViewCell.swift */,
				CDEA82C61D3C735A00E993F3 /* TodoListDataStore.swift */,
				CDF00F1F1D3C49DD00BDBACE /* AddOrEditTodoItemViewController.swift */,
				CD016F111D3C24CA00CD5C7A /* Info.plist */,
			);
			path = Todist;
			sourceTree = "<group>";
		};
		CD6706311D3C26D800ECBAE8 /* entity */ = {
			isa = PBXGroup;
			children = (
				CD6706321D3C270900ECBAE8 /* TodoItem.swift */,
			);
			name = entity;
			sourceTree = "<group>";
		};
/* End PBXGroup section */

/* Begin PBXNativeTarget section */
		CD016F011D3C24CA00CD5C7A /* Todoist */ = {
			isa = PBXNativeTarget;
			buildConfigurationList = CD016F141D3C24CA00CD5C7A /* Build configuration list for PBXNativeTarget "Todoist" */;
			buildPhases = (
				CD016EFE1D3C24CA00CD5C7A /* Sources */,
				CD016EFF1D3C24CA00CD5C7A /* Frameworks */,
				CD016F001D3C24CA00CD5C7A /* Resources */,
			);
			buildRules = (
			);
			dependencies = (
			);
			name = Todoist;
			productName = Todist;
			productReference = CD016F021D3C24CA00CD5C7A /* Todoist.app */;
			productType = "com.apple.product-type.application";
		};
/* End PBXNativeTarget section */

/* Begin PBXProject section */
		CD016EFA1D3C24CA00CD5C7A /* Project object */ = {
			isa = PBXProject;
			attributes = {
				LastSwiftUpdateCheck = 0730;
				LastUpgradeCheck = 0800;
				ORGANIZATIONNAME = interview.assignment;
				TargetAttributes = {
					CD016F011D3C24CA00CD5C7A = {
						CreatedOnToolsVersion = 7.3;
						DevelopmentTeam = P5KD894QX4;
						DevelopmentTeamName = "Patrick Devine (Personal Team)";
						LastSwiftMigration = 0800;
					};
				};
			};
			buildConfigurationList = CD016EFD1D3C24CA00CD5C7A /* Build configuration list for PBXProject "Todoist" */;
			compatibilityVersion = "Xcode 3.2";
			developmentRegion = English;
			hasScannedForEncodings = 0;
			knownRegions = (
				en,
				Base,
			);
			mainGroup = CD016EF91D3C24CA00CD5C7A;
			productRefGroup = CD016F031D3C24CA00CD5C7A /* Products */;
			projectDirPath = "";
			projectRoot = "";
			targets = (
				CD016F011D3C24CA00CD5C7A /* Todoist */,
			);
		};
/* End PBXProject section */

/* Begin PBXResourcesBuildPhase section */
		CD016F001D3C24CA00CD5C7A /* Resources */ = {
			isa = PBXResourcesBuildPhase;
			buildActionMask = 2147483647;
			files = (
				CD016F101D3C24CA00CD5C7A /* LaunchScreen.storyboard in Resources */,
				CD016F0D1D3C24CA00CD5C7A /* Assets.xcassets in Resources */,
				CD016F0B1D3C24CA00CD5C7A /* Main.storyboard in Resources */,
			);
			runOnlyForDeploymentPostprocessing = 0;
		};
/* End PBXResourcesBuildPhase section */

/* Begin PBXSourcesBuildPhase section */
		CD016EFE1D3C24CA00CD5C7A /* Sources */ = {
			isa = PBXSourcesBuildPhase;
			buildActionMask = 2147483647;
			files = (
				CD016F081D3C24CA00CD5C7A /* TodoListViewController.swift in Sources */,
				CDF00F201D3C49DD00BDBACE /* AddOrEditTodoItemViewController.swift in Sources */,
				CDEA82C71D3C735A00E993F3 /* TodoListDataStore.swift in Sources */,
				CD6706331D3C270900ECBAE8 /* TodoItem.swift in Sources */,
				CD6706351D3C33F000ECBAE8 /* TodoItemTableViewCell.swift in Sources */,
				CD016F061D3C24CA00CD5C7A /* AppDelegate.swift in Sources */,
			);
			runOnlyForDeploymentPostprocessing = 0;
		};
/* End PBXSourcesBuildPhase section */

/* Begin PBXVariantGroup section */
		CD016F091D3C24CA00CD5C7A /* Main.storyboard */ = {
			isa = PBXVariantGroup;
			children = (
				CD016F0A1D3C24CA00CD5C7A /* Base */,
			);
			name = Main.storyboard;
			sourceTree = "<group>";
		};
		CD016F0E1D3C24CA00CD5C7A /* LaunchScreen.storyboard */ = {
			isa = PBXVariantGroup;
			children = (
				CD016F0F1D3C24CA00CD5C7A /* Base */,
			);
			name = LaunchScreen.storyboard;
			sourceTree = "<group>";
		};
/* End PBXVariantGroup section */

/* Begin XCBuildConfiguration section */
		CD016F121D3C24CA00CD5C7A /* Debug */ = {
			isa = XCBuildConfiguration;
			buildSettings = {
				ALWAYS_SEARCH_USER_PATHS = NO;
				CLANG_ANALYZER_NONNULL = YES;
				CLANG_CXX_LANGUAGE_STANDARD = "gnu++0x";
				CLANG_CXX_LIBRARY = "libc++";
				CLANG_ENABLE_MODULES = YES;
				CLANG_ENABLE_OBJC_ARC = YES;
				CLANG_WARN_BOOL_CONVERSION = YES;
				CLANG_WARN_CONSTANT_CONVERSION = YES;
				CLANG_WARN_DIRECT_OBJC_ISA_USAGE = YES_ERROR;
				CLANG_WARN_EMPTY_BODY = YES;
				CLANG_WARN_ENUM_CONVERSION = YES;
				CLANG_WARN_INT_CONVERSION = YES;
				CLANG_WARN_OBJC_ROOT_CLASS = YES_ERROR;
				CLANG_WARN_UNREACHABLE_CODE = YES;
				CLANG_WARN__DUPLICATE_METHOD_MATCH = YES;
				"CODE_SIGN_IDENTITY[sdk=iphoneos*]" = "iPhone Developer";
				COPY_PHASE_STRIP = NO;
				DEBUG_INFORMATION_FORMAT = dwarf;
				ENABLE_STRICT_OBJC_MSGSEND = YES;
				ENABLE_TESTABILITY = YES;
				GCC_C_LANGUAGE_STANDARD = gnu99;
				GCC_DYNAMIC_NO_PIC = NO;
				GCC_NO_COMMON_BLOCKS = YES;
				GCC_OPTIMIZATION_LEVEL = 0;
				GCC_PREPROCESSOR_DEFINITIONS = (
					"DEBUG=1",
					"$(inherited)",
				);
				GCC_WARN_64_TO_32_BIT_CONVERSION = YES;
				GCC_WARN_ABOUT_RETURN_TYPE = YES_ERROR;
				GCC_WARN_UNDECLARED_SELECTOR = YES;
				GCC_WARN_UNINITIALIZED_AUTOS = YES_AGGRESSIVE;
				GCC_WARN_UNUSED_FUNCTION = YES;
				GCC_WARN_UNUSED_VARIABLE = YES;
				IPHONEOS_DEPLOYMENT_TARGET = 9.0;
				MTL_ENABLE_DEBUG_INFO = YES;
				ONLY_ACTIVE_ARCH = YES;
				SDKROOT = iphoneos;
				SWIFT_OPTIMIZATION_LEVEL = "-Onone";
				TARGETED_DEVICE_FAMILY = "1,2";
			};
			name = Debug;
		};
		CD016F131D3C24CA00CD5C7A /* Release */ = {
			isa = XCBuildConfiguration;
			buildSettings = {
				ALWAYS_SEARCH_USER_PATHS = NO;
				CLANG_ANALYZER_NONNULL = YES;
				CLANG_CXX_LANGUAGE_STANDARD = "gnu++0x";
				CLANG_CXX_LIBRARY = "libc++";
				CLANG_ENABLE_MODULES = YES;
				CLANG_ENABLE_OBJC_ARC = YES;
				CLANG_WARN_BOOL_CONVERSION = YES;
				CLANG_WARN_CONSTANT_CONVERSION = YES;
				CLANG_WARN_DIRECT_OBJC_ISA_USAGE = YES_ERROR;
				CLANG_WARN_EMPTY_BODY = YES;
				CLANG_WARN_ENUM_CONVERSION = YES;
				CLANG_WARN_INT_CONVERSION = YES;
				CLANG_WARN_OBJC_ROOT_CLASS = YES_ERROR;
				CLANG_WARN_UNREACHABLE_CODE = YES;
				CLANG_WARN__DUPLICATE_METHOD_MATCH = YES;
				"CODE_SIGN_IDENTITY[sdk=iphoneos*]" = "iPhone Developer";
				COPY_PHASE_STRIP = NO;
				DEBUG_INFORMATION_FORMAT = "dwarf-with-dsym";
				ENABLE_NS_ASSERTIONS = NO;
				ENABLE_STRICT_OBJC_MSGSEND = YES;
				GCC_C_LANGUAGE_STANDARD = gnu99;
				GCC_NO_COMMON_BLOCKS = YES;
				GCC_WARN_64_TO_32_BIT_CONVERSION = YES;
				GCC_WARN_ABOUT_RETURN_TYPE = YES_ERROR;
				GCC_WARN_UNDECLARED_SELECTOR = YES;
				GCC_WARN_UNINITIALIZED_AUTOS = YES_AGGRESSIVE;
				GCC_WARN_UNUSED_FUNCTION = YES;
				GCC_WARN_UNUSED_VARIABLE = YES;
				IPHONEOS_DEPLOYMENT_TARGET = 9.0;
				MTL_ENABLE_DEBUG_INFO = NO;
				SDKROOT = iphoneos;
				TARGETED_DEVICE_FAMILY = "1,2";
				VALIDATE_PRODUCT = YES;
			};
			name = Release;
		};
		CD016F151D3C24CA00CD5C7A /* Debug */ = {
			isa = XCBuildConfiguration;
			buildSettings = {
				ASSETCATALOG_COMPILER_APPICON_NAME = AppIcon;
				CODE_SIGN_IDENTITY = "iPhone Developer";
				INFOPLIST_FILE = Todist/Info.plist;
				IPHONEOS_DEPLOYMENT_TARGET = 9.0;
				LD_RUNPATH_SEARCH_PATHS = "$(inherited) @executable_path/Frameworks";
				PRODUCT_BUNDLE_IDENTIFIER = com.interview.assignment.Todist;
				PRODUCT_NAME = "$(TARGET_NAME)";
				SWIFT_VERSION = 2.3;
			};
			name = Debug;
		};
		CD016F161D3C24CA00CD5C7A /* Release */ = {
			isa = XCBuildConfiguration;
			buildSettings = {
				ASSETCATALOG_COMPILER_APPICON_NAME = AppIcon;
				CODE_SIGN_IDENTITY = "iPhone Developer";
				INFOPLIST_FILE = Todist/Info.plist;
				IPHONEOS_DEPLOYMENT_TARGET = 9.0;
				LD_RUNPATH_SEARCH_PATHS = "$(inherited) @executable_path/Frameworks";
				PRODUCT_BUNDLE_IDENTIFIER = com.interview.assignment.Todist;
				PRODUCT_NAME = "$(TARGET_NAME)";
				SWIFT_OPTIMIZATION_LEVEL = "-Owholemodule";
				SWIFT_VERSION = 2.3;
			};
			name = Release;
		};
/* End XCBuildConfiguration section */

/* Begin XCConfigurationList section */
		CD016EFD1D3C24CA00CD5C7A /* Build configuration list for PBXProject "Todoist" */ = {
			isa = XCConfigurationList;
			buildConfigurations = (
				CD016F121D3C24CA00CD5C7A /* Debug */,
				CD016F131D3C24CA00CD5C7A /* Release */,
			);
			defaultConfigurationIsVisible = 0;
			defaultConfigurationName = Release;
		};
		CD016F141D3C24CA00CD5C7A /* Build configuration list for PBXNativeTarget "Todoist" */ = {
			isa = XCConfigurationList;
			buildConfigurations = (
				CD016F151D3C24CA00CD5C7A /* Debug */,
				CD016F161D3C24CA00CD5C7A /* Release */,
			);
			defaultConfigurationIsVisible = 0;
			defaultConfigurationName = Release;
		};
/* End XCConfigurationList section */
	};
	rootObject = CD016EFA1D3C24CA00CD5C7A /* Project object */;
}
